<?xml version="1.0" encoding="utf-8"?>
<Project ToolsVersion="4.0" xmlns="http://schemas.microsoft.com/developer/msbuild/2003">
  <ItemGroup>
    <Filter Include="Source Files">
      <UniqueIdentifier>{4FC737F1-C7A5-4376-A066-2A32D752A2FF}</UniqueIdentifier>
      <Extensions>cpp;c;cc;cxx;def;odl;idl;hpj;bat;asm;asmx</Extensions>
    </Filter>
    <Filter Include="Resource Files">
      <UniqueIdentifier>{67DA6AB6-F800-4c08-8B7A-83BB121AAD01}</UniqueIdentifier>
      <Extensions>rc;ico;cur;bmp;dlg;rc2;rct;bin;rgs;gif;jpg;jpeg;jpe;resx;tiff;tif;png;wav;mfcribbon-ms</Extensions>
    </Filter>
    <Filter Include="Source Files\Graphics">
      <UniqueIdentifier>{48ff91bd-ede1-4ba1-811e-14c0d048521c}</UniqueIdentifier>
    </Filter>
    <Filter Include="Source Files\Graphics\Window">
      <UniqueIdentifier>{53eb3613-1a87-4de9-80cf-aecb49054a0e}</UniqueIdentifier>
    </Filter>
    <Filter Include="Source Files\Graphics\RenderEngine">
      <UniqueIdentifier>{7955aefa-2796-497c-b3e8-0dc619e8bf50}</UniqueIdentifier>
    </Filter>
    <Filter Include="Source Files\Maths">
      <UniqueIdentifier>{6b41104b-8fe5-4b1c-af11-601bafdd791a}</UniqueIdentifier>
    </Filter>
    <Filter Include="Source Files\Graphics\Entity">
      <UniqueIdentifier>{3aee40bd-6d6e-49d0-bd7b-09719f599571}</UniqueIdentifier>
    </Filter>
    <Filter Include="Source Files\Graphics\Shader">
      <UniqueIdentifier>{fca5c77a-ed65-4ea6-8897-33fd8ce57947}</UniqueIdentifier>
    </Filter>
    <Filter Include="Source Files\States">
      <UniqueIdentifier>{9e245194-4d9b-430d-abc9-2f64e22eede7}</UniqueIdentifier>
    </Filter>
    <Filter Include="Source Files\Graphics\Entity\RawModel">
      <UniqueIdentifier>{ad638f6e-17c7-46eb-9146-cbda381d7365}</UniqueIdentifier>
    </Filter>
    <Filter Include="Source Files\Graphics\Entity\Entity">
      <UniqueIdentifier>{0797435a-cfb8-4d48-b967-f5b55e700bda}</UniqueIdentifier>
    </Filter>
    <Filter Include="Source Files\Graphics\Entity\Animation">
      <UniqueIdentifier>{2fe6e6cc-cf08-49da-b908-a62016dc1cc5}</UniqueIdentifier>
    </Filter>
    <Filter Include="Source Files\Graphics\Texture">
      <UniqueIdentifier>{ae6edbaf-b28a-45e0-9bc7-d1f35af378a0}</UniqueIdentifier>
    </Filter>
    <Filter Include="Source Files\Graphics\Game">
      <UniqueIdentifier>{f1cb4d3f-dfdf-44ce-a4e9-93474b519f73}</UniqueIdentifier>
    </Filter>
    <Filter Include="Source Files\Graphics\Entity\2D">
      <UniqueIdentifier>{8538df4f-f1c2-4191-b0f2-f5dce9409b90}</UniqueIdentifier>
    </Filter>
  </ItemGroup>
  <ItemGroup>
    <ClCompile Include="main.cpp">
      <Filter>Source Files</Filter>
    </ClCompile>
    <ClCompile Include="Window.cpp">
      <Filter>Source Files\Graphics\Window</Filter>
    </ClCompile>
    <ClCompile Include="FPSManager.cpp">
      <Filter>Source Files\Graphics\Window</Filter>
    </ClCompile>
    <ClCompile Include="StateManager.cpp">
      <Filter>Source Files\States</Filter>
    </ClCompile>
    <ClCompile Include="MainMenuState.cpp">
      <Filter>Source Files\States</Filter>
    </ClCompile>
    <ClCompile Include="RenderEngine2D.cpp">
      <Filter>Source Files\Graphics\RenderEngine</Filter>
    </ClCompile>
    <ClCompile Include="mat4.cpp">
      <Filter>Source Files\Maths</Filter>
    </ClCompile>
    <ClCompile Include="vec2.cpp">
      <Filter>Source Files\Maths</Filter>
    </ClCompile>
    <ClCompile Include="vec3.cpp">
      <Filter>Source Files\Maths</Filter>
    </ClCompile>
    <ClCompile Include="vec4.cpp">
      <Filter>Source Files\Maths</Filter>
    </ClCompile>
    <ClCompile Include="ShaderProgram.cpp">
      <Filter>Source Files\Graphics\Shader</Filter>
    </ClCompile>
    <ClCompile Include="Texture.cpp">
      <Filter>Source Files\Graphics\Texture</Filter>
    </ClCompile>
    <ClCompile Include="ImageLoader.cpp">
      <Filter>Source Files\Graphics\Texture</Filter>
    </ClCompile>
    <ClCompile Include="SinglePlayerState.cpp">
      <Filter>Source Files\States</Filter>
    </ClCompile>
    <ClCompile Include="Entity.cpp">
      <Filter>Source Files\Graphics\Entity\Entity</Filter>
    </ClCompile>
    <ClCompile Include="SettingsManager.cpp">
      <Filter>Source Files</Filter>
    </ClCompile>
    <ClCompile Include="Animation.cpp">
      <Filter>Source Files\Graphics\Entity\Animation</Filter>
    </ClCompile>
    <ClCompile Include="CubeTexture.cpp">
      <Filter>Source Files\Graphics\Texture</Filter>
    </ClCompile>
    <ClCompile Include="SkyBoxRenderEngine.cpp">
      <Filter>Source Files\Graphics\RenderEngine</Filter>
    </ClCompile>
    <ClCompile Include="TerrainRenderEngine.cpp">
      <Filter>Source Files\Graphics\RenderEngine</Filter>
    </ClCompile>
    <ClCompile Include="Maths.cpp">
      <Filter>Source Files\Maths</Filter>
    </ClCompile>
    <ClCompile Include="RenderEngine.cpp">
      <Filter>Source Files\Graphics\RenderEngine</Filter>
    </ClCompile>
    <ClCompile Include="RenderEngine3DDynamic.cpp">
      <Filter>Source Files\Graphics\RenderEngine</Filter>
    </ClCompile>
    <ClCompile Include="Utility.cpp">
      <Filter>Source Files</Filter>
    </ClCompile>
    <ClCompile Include="SkyBox.cpp">
      <Filter>Source Files\Graphics\Game</Filter>
    </ClCompile>
    <ClCompile Include="GUIImage.cpp">
      <Filter>Source Files\Graphics\Entity\2D</Filter>
    </ClCompile>
    <ClCompile Include="Terrain.cpp">
      <Filter>Source Files\Graphics\Game</Filter>
    </ClCompile>
    <ClCompile Include="Camera.cpp">
      <Filter>Source Files\Graphics\Game</Filter>
    </ClCompile>
  </ItemGroup>
  <ItemGroup>
    <ClInclude Include="Window.h">
      <Filter>Source Files\Graphics\Window</Filter>
    </ClInclude>
    <ClInclude Include="FPSManager.h">
      <Filter>Source Files\Graphics\Window</Filter>
    </ClInclude>
    <ClInclude Include="IState.h">
      <Filter>Source Files\States</Filter>
    </ClInclude>
    <ClInclude Include="StateManager.h">
      <Filter>Source Files\States</Filter>
    </ClInclude>
    <ClInclude Include="MainMenuState.h">
      <Filter>Source Files\States</Filter>
    </ClInclude>
    <ClInclude Include="RenderEngine2D.h">
      <Filter>Source Files\Graphics\RenderEngine</Filter>
    </ClInclude>
    <ClInclude Include="VertexData.h">
      <Filter>Source Files\Graphics</Filter>
    </ClInclude>
    <ClInclude Include="Maths.h">
      <Filter>Source Files\Maths</Filter>
    </ClInclude>
    <ClInclude Include="mat4.h">
      <Filter>Source Files\Maths</Filter>
    </ClInclude>
    <ClInclude Include="vec2.h">
      <Filter>Source Files\Maths</Filter>
    </ClInclude>
    <ClInclude Include="vec3.h">
      <Filter>Source Files\Maths</Filter>
    </ClInclude>
    <ClInclude Include="vec4.h">
      <Filter>Source Files\Maths</Filter>
    </ClInclude>
    <ClInclude Include="ShaderProgram.h">
      <Filter>Source Files\Graphics\Shader</Filter>
    </ClInclude>
    <ClInclude Include="Texture.h">
      <Filter>Source Files\Graphics\Texture</Filter>
    </ClInclude>
    <ClInclude Include="ImageLoader.h">
      <Filter>Source Files\Graphics\Texture</Filter>
    </ClInclude>
    <ClInclude Include="SinglePlayerState.h">
      <Filter>Source Files\States</Filter>
    </ClInclude>
    <ClInclude Include="RawModel.h">
      <Filter>Source Files\Graphics\Entity\RawModel</Filter>
    </ClInclude>
    <ClInclude Include="Entity.h">
      <Filter>Source Files\Graphics\Entity\Entity</Filter>
    </ClInclude>
    <ClInclude Include="Animation.h">
      <Filter>Source Files\Graphics\Entity\Animation</Filter>
    </ClInclude>
    <ClInclude Include="SettingsManager.h">
      <Filter>Source Files</Filter>
    </ClInclude>
    <ClInclude Include="CubeTexture.h">
      <Filter>Source Files\Graphics\Texture</Filter>
    </ClInclude>
    <ClInclude Include="SkyBoxRenderEngine.h">
      <Filter>Source Files\Graphics\RenderEngine</Filter>
    </ClInclude>
    <ClInclude Include="TerrainRenderEngine.h">
      <Filter>Source Files\Graphics\RenderEngine</Filter>
    </ClInclude>
    <ClInclude Include="RenderEngine.h">
      <Filter>Source Files\Graphics\RenderEngine</Filter>
    </ClInclude>
    <ClInclude Include="RenderEngine3DDynamic.h">
      <Filter>Source Files\Graphics\RenderEngine</Filter>
    </ClInclude>
    <ClInclude Include="SkyBox.h">
      <Filter>Source Files\Graphics\Game</Filter>
    </ClInclude>
    <ClInclude Include="Utility.h">
      <Filter>Source Files</Filter>
    </ClInclude>
    <ClInclude Include="RawModel2D.h">
      <Filter>Source Files\Graphics\Entity\RawModel</Filter>
    </ClInclude>
    <ClInclude Include="RawModel3D.h">
      <Filter>Source Files\Graphics\Entity\RawModel</Filter>
    </ClInclude>
    <ClInclude Include="GUIImage.h">
      <Filter>Source Files\Graphics\Entity\2D</Filter>
    </ClInclude>
    <ClInclude Include="Terrain.h">
      <Filter>Source Files\Graphics\Game</Filter>
    </ClInclude>
    <ClInclude Include="Camera.h">
      <Filter>Source Files\Graphics\Game</Filter>
    </ClInclude>
    <ClInclude Include="RawModel3DTextured.h">
      <Filter>Source Files\Graphics\Entity\RawModel</Filter>
    </ClInclude>
  </ItemGroup>
  <ItemGroup>
    <None Include="sky.vert">
      <Filter>Source Files\Graphics\Shader</Filter>
    </None>
    <None Include="sky.frag">
      <Filter>Source Files\Graphics\Shader</Filter>
    </None>
    <None Include="simple.vert">
      <Filter>Source Files\Graphics\Shader</Filter>
    </None>
    <None Include="simple.frag">
      <Filter>Source Files\Graphics\Shader</Filter>
    </None>
    <None Include="simple.geom">
      <Filter>Source Files\Graphics\Shader</Filter>
    </None>
    <None Include="menu3D.vert">
      <Filter>Source Files\Graphics\Shader</Filter>
    </None>
    <None Include="menu3D.geom">
      <Filter>Source Files\Graphics\Shader</Filter>
    </None>
    <None Include="menu3D.frag">
      <Filter>Source Files\Graphics\Shader</Filter>
    </None>
    <None Include="gui.vert">
      <Filter>Source Files\Graphics\Shader</Filter>
    </None>
    <None Include="gui.frag">
      <Filter>Source Files\Graphics\Shader</Filter>
    </None>
  </ItemGroup>
</Project>